
Microsoft Visual Studio Solution File, Format Version 12.00
# Visual Studio 15
VisualStudioVersion = 15.0.27703.2035
MinimumVisualStudioVersion = 10.0.40219.1
Project("{FAE04EC0-301F-11D3-BF4B-00C04F79EFBC}") = "labQuiz_TARATHEP_ORA03_NETCore", "labQuiz_TARATHEP_ORA03_NETCore\labQuiz_TARATHEP_ORA03_NETCore.csproj", "{02E4A414-1A26-42AB-9D06-2B9A93E5981B}"
EndProject
Global
	GlobalSection(SolutionConfigurationPlatforms) = preSolution
		Debug|Any CPU = Debug|Any CPU
		Release|Any CPU = Release|Any CPU
	EndGlobalSection
	GlobalSection(ProjectConfigurationPlatforms) = postSolution
		{02E4A414-1A26-42AB-9D06-2B9A93E5981B}.Debug|Any CPU.ActiveCfg = Debug|Any CPU
		{02E4A414-1A26-42AB-9D06-2B9A93E5981B}.Debug|Any CPU.Build.0 = Debug|Any CPU
		{02E4A414-1A26-42AB-9D06-2B9A93E5981B}.Release|Any CPU.ActiveCfg = Release|Any CPU
		{02E4A414-1A26-42AB-9D06-2B9A93E5981B}.Release|Any CPU.Build.0 = Release|Any CPU
	EndGlobalSection
	GlobalSection(SolutionProperties) = preSolution
		HideSolutionNode = FALSE
	EndGlobalSection
	GlobalSection(ExtensibilityGlobals) = postSolution
		SolutionGuid = {C447801A-0E3E-4C35-9749-B53F150B24FF}
	EndGlobalSection
EndGlobal
